// !$*UTF8*$!
{
	archiveVersion = 1;
	classes = {
	};
	objectVersion = 46;
	objects = {

/* Begin PBXBuildFile section */
		66820ED91B1AFCB8004A629F /* main.cpp in Sources */ = {isa = PBXBuildFile; fileRef = 66820ED81B1AFCB8004A629F /* main.cpp */; };
		66820EE01B1AFD58004A629F /* SDL2.framework in Frameworks */ = {isa = PBXBuildFile; fileRef = 66820EDF1B1AFD58004A629F /* SDL2.framework */; };
		66820EE21B1AFD73004A629F /* OpenGL.framework in Frameworks */ = {isa = PBXBuildFile; fileRef = 66820EE11B1AFD73004A629F /* OpenGL.framework */; };
		66820EE81B1B0BDD004A629F /* SDLGraphics.cpp in Sources */ = {isa = PBXBuildFile; fileRef = 66820EE61B1B0BDD004A629F /* SDLGraphics.cpp */; };
		66F087E81B1B1E3D0072DB89 /* primatives.cpp in Sources */ = {isa = PBXBuildFile; fileRef = 66F087E61B1B1E3D0072DB89 /* primatives.cpp */; };
		66F087F41B1B43E60072DB89 /* PCRenderer.cpp in Sources */ = {isa = PBXBuildFile; fileRef = 66F087F21B1B43E60072DB89 /* PCRenderer.cpp */; };
		66F087F71B1B6AF10072DB89 /* operations.cpp in Sources */ = {isa = PBXBuildFile; fileRef = 66F087F51B1B6AF10072DB89 /* operations.cpp */; };
/* End PBXBuildFile section */

/* Begin PBXCopyFilesBuildPhase section */
		66820ED31B1AFCB8004A629F /* CopyFiles */ = {
			isa = PBXCopyFilesBuildPhase;
			buildActionMask = 2147483647;
			dstPath = /usr/share/man/man1/;
			dstSubfolderSpec = 0;
			files = (
			);
			runOnlyForDeploymentPostprocessing = 1;
		};
/* End PBXCopyFilesBuildPhase section */

/* Begin PBXFileReference section */
		66820ED51B1AFCB8004A629F /* qfrep */ = {isa = PBXFileReference; explicitFileType = "compiled.mach-o.executable"; includeInIndex = 0; path = qfrep; sourceTree = BUILT_PRODUCTS_DIR; };
		66820ED81B1AFCB8004A629F /* main.cpp */ = {isa = PBXFileReference; lastKnownFileType = sourcecode.cpp.cpp; path = main.cpp; sourceTree = "<group>"; };
		66820EDF1B1AFD58004A629F /* SDL2.framework */ = {isa = PBXFileReference; lastKnownFileType = wrapper.framework; name = SDL2.framework; path = ../../../../Library/Frameworks/SDL2.framework; sourceTree = "<group>"; };
		66820EE11B1AFD73004A629F /* OpenGL.framework */ = {isa = PBXFileReference; lastKnownFileType = wrapper.framework; name = OpenGL.framework; path = System/Library/Frameworks/OpenGL.framework; sourceTree = SDKROOT; };
		66820EE61B1B0BDD004A629F /* SDLGraphics.cpp */ = {isa = PBXFileReference; fileEncoding = 4; lastKnownFileType = sourcecode.cpp.cpp; path = SDLGraphics.cpp; sourceTree = "<group>"; };
		66820EE91B1B0CBF004A629F /* SDLGraphics.h */ = {isa = PBXFileReference; lastKnownFileType = sourcecode.c.h; path = SDLGraphics.h; sourceTree = "<group>"; };
		66F087E61B1B1E3D0072DB89 /* primatives.cpp */ = {isa = PBXFileReference; fileEncoding = 4; lastKnownFileType = sourcecode.cpp.cpp; path = primatives.cpp; sourceTree = "<group>"; };
		66F087E71B1B1E3D0072DB89 /* primatives.h */ = {isa = PBXFileReference; fileEncoding = 4; lastKnownFileType = sourcecode.c.h; path = primatives.h; sourceTree = "<group>"; };
		66F087F21B1B43E60072DB89 /* PCRenderer.cpp */ = {isa = PBXFileReference; fileEncoding = 4; lastKnownFileType = sourcecode.cpp.cpp; path = PCRenderer.cpp; sourceTree = "<group>"; };
		66F087F31B1B43E60072DB89 /* PCRenderer.h */ = {isa = PBXFileReference; fileEncoding = 4; lastKnownFileType = sourcecode.c.h; path = PCRenderer.h; sourceTree = "<group>"; };
		66F087F51B1B6AF10072DB89 /* operations.cpp */ = {isa = PBXFileReference; fileEncoding = 4; lastKnownFileType = sourcecode.cpp.cpp; path = operations.cpp; sourceTree = "<group>"; };
		66F087F61B1B6AF10072DB89 /* operations.h */ = {isa = PBXFileReference; fileEncoding = 4; lastKnownFileType = sourcecode.c.h; path = operations.h; sourceTree = "<group>"; };
/* End PBXFileReference section */

/* Begin PBXFrameworksBuildPhase section */
		66820ED21B1AFCB8004A629F /* Frameworks */ = {
			isa = PBXFrameworksBuildPhase;
			buildActionMask = 2147483647;
			files = (
				66820EE21B1AFD73004A629F /* OpenGL.framework in Frameworks */,
				66820EE01B1AFD58004A629F /* SDL2.framework in Frameworks */,
			);
			runOnlyForDeploymentPostprocessing = 0;
		};
/* End PBXFrameworksBuildPhase section */

/* Begin PBXGroup section */
		66820ECC1B1AFCB8004A629F = {
			isa = PBXGroup;
			children = (
				66820EE11B1AFD73004A629F /* OpenGL.framework */,
				66820EDF1B1AFD58004A629F /* SDL2.framework */,
				66820ED71B1AFCB8004A629F /* qfrep */,
				66820ED61B1AFCB8004A629F /* Products */,
			);
			sourceTree = "<group>";
		};
		66820ED61B1AFCB8004A629F /* Products */ = {
			isa = PBXGroup;
			children = (
				66820ED51B1AFCB8004A629F /* qfrep */,
			);
			name = Products;
			sourceTree = "<group>";
		};
		66820ED71B1AFCB8004A629F /* qfrep */ = {
			isa = PBXGroup;
			children = (
				66820ED81B1AFCB8004A629F /* main.cpp */,
				66F087F21B1B43E60072DB89 /* PCRenderer.cpp */,
				66F087F31B1B43E60072DB89 /* PCRenderer.h */,
				66F087E61B1B1E3D0072DB89 /* primatives.cpp */,
				66F087E71B1B1E3D0072DB89 /* primatives.h */,
				66F087F51B1B6AF10072DB89 /* operations.cpp */,
				66F087F61B1B6AF10072DB89 /* operations.h */,
				66820EE61B1B0BDD004A629F /* SDLGraphics.cpp */,
				66820EE91B1B0CBF004A629F /* SDLGraphics.h */,
			);
			path = qfrep;
			sourceTree = "<group>";
		};
/* End PBXGroup section */

/* Begin PBXNativeTarget section */
		66820ED41B1AFCB8004A629F /* qfrep */ = {
			isa = PBXNativeTarget;
			buildConfigurationList = 66820EDC1B1AFCB8004A629F /* Build configuration list for PBXNativeTarget "qfrep" */;
			buildPhases = (
				66820ED11B1AFCB8004A629F /* Sources */,
				66820ED21B1AFCB8004A629F /* Frameworks */,
				66820ED31B1AFCB8004A629F /* CopyFiles */,
			);
			buildRules = (
			);
			dependencies = (
			);
			name = qfrep;
			productName = qfrep;
			productReference = 66820ED51B1AFCB8004A629F /* qfrep */;
			productType = "com.apple.product-type.tool";
		};
/* End PBXNativeTarget section */

/* Begin PBXProject section */
		66820ECD1B1AFCB8004A629F /* Project object */ = {
			isa = PBXProject;
			attributes = {
				LastUpgradeCheck = 0620;
				ORGANIZATIONNAME = "Quentin Corker-Marin";
				TargetAttributes = {
					66820ED41B1AFCB8004A629F = {
						CreatedOnToolsVersion = 6.2;
					};
				};
			};
			buildConfigurationList = 66820ED01B1AFCB8004A629F /* Build configuration list for PBXProject "qfrep" */;
			compatibilityVersion = "Xcode 3.2";
			developmentRegion = English;
			hasScannedForEncodings = 0;
			knownRegions = (
				en,
			);
			mainGroup = 66820ECC1B1AFCB8004A629F;
			productRefGroup = 66820ED61B1AFCB8004A629F /* Products */;
			projectDirPath = "";
			projectRoot = "";
			targets = (
				66820ED41B1AFCB8004A629F /* qfrep */,
			);
		};
/* End PBXProject section */

/* Begin PBXSourcesBuildPhase section */
		66820ED11B1AFCB8004A629F /* Sources */ = {
			isa = PBXSourcesBuildPhase;
			buildActionMask = 2147483647;
			files = (
				66820ED91B1AFCB8004A629F /* main.cpp in Sources */,
				66F087F41B1B43E60072DB89 /* PCRenderer.cpp in Sources */,
				66F087E81B1B1E3D0072DB89 /* primatives.cpp in Sources */,
				66F087F71B1B6AF10072DB89 /* operations.cpp in Sources */,
				66820EE81B1B0BDD004A629F /* SDLGraphics.cpp in Sources */,
			);
			runOnlyForDeploymentPostprocessing = 0;
		};
/* End PBXSourcesBuildPhase section */

/* Begin XCBuildConfiguration section */
		66820EDA1B1AFCB8004A629F /* Debug */ = {
			isa = XCBuildConfiguration;
			buildSettings = {
				ALWAYS_SEARCH_USER_PATHS = NO;
				CLANG_CXX_LANGUAGE_STANDARD = "gnu++0x";
				CLANG_CXX_LIBRARY = "libc++";
				CLANG_ENABLE_MODULES = YES;
				CLANG_ENABLE_OBJC_ARC = YES;
				CLANG_WARN_BOOL_CONVERSION = YES;
				CLANG_WARN_CONSTANT_CONVERSION = YES;
				CLANG_WARN_DIRECT_OBJC_ISA_USAGE = YES_ERROR;
				CLANG_WARN_EMPTY_BODY = YES;
				CLANG_WARN_ENUM_CONVERSION = YES;
				CLANG_WARN_INT_CONVERSION = YES;
				CLANG_WARN_OBJC_ROOT_CLASS = YES_ERROR;
				CLANG_WARN_UNREACHABLE_CODE = YES;
				CLANG_WARN__DUPLICATE_METHOD_MATCH = YES;
				COPY_PHASE_STRIP = NO;
				ENABLE_STRICT_OBJC_MSGSEND = YES;
				GCC_C_LANGUAGE_STANDARD = gnu99;
				GCC_DYNAMIC_NO_PIC = NO;
				GCC_OPTIMIZATION_LEVEL = 0;
				GCC_PREPROCESSOR_DEFINITIONS = (
					"DEBUG=1",
					"$(inherited)",
				);
				GCC_SYMBOLS_PRIVATE_EXTERN = NO;
				GCC_WARN_64_TO_32_BIT_CONVERSION = YES;
				GCC_WARN_ABOUT_RETURN_TYPE = YES_ERROR;
				GCC_WARN_UNDECLARED_SELECTOR = YES;
				GCC_WARN_UNINITIALIZED_AUTOS = YES_AGGRESSIVE;
				GCC_WARN_UNUSED_FUNCTION = YES;
				GCC_WARN_UNUSED_VARIABLE = YES;
				MACOSX_DEPLOYMENT_TARGET = 10.10;
				MTL_ENABLE_DEBUG_INFO = YES;
				ONLY_ACTIVE_ARCH = YES;
				SDKROOT = macosx;
			};
			name = Debug;
		};
		66820EDB1B1AFCB8004A629F /* Release */ = {
			isa = XCBuildConfiguration;
			buildSettings = {
				ALWAYS_SEARCH_USER_PATHS = NO;
				CLANG_CXX_LANGUAGE_STANDARD = "gnu++0x";
				CLANG_CXX_LIBRARY = "libc++";
				CLANG_ENABLE_MODULES = YES;
				CLANG_ENABLE_OBJC_ARC = YES;
				CLANG_WARN_BOOL_CONVERSION = YES;
				CLANG_WARN_CONSTANT_CONVERSION = YES;
				CLANG_WARN_DIRECT_OBJC_ISA_USAGE = YES_ERROR;
				CLANG_WARN_EMPTY_BODY = YES;
				CLANG_WARN_ENUM_CONVERSION = YES;
				CLANG_WARN_INT_CONVERSION = YES;
				CLANG_WARN_OBJC_ROOT_CLASS = YES_ERROR;
				CLANG_WARN_UNREACHABLE_CODE = YES;
				CLANG_WARN__DUPLICATE_METHOD_MATCH = YES;
				COPY_PHASE_STRIP = NO;
				DEBUG_INFORMATION_FORMAT = "dwarf-with-dsym";
				ENABLE_NS_ASSERTIONS = NO;
				ENABLE_STRICT_OBJC_MSGSEND = YES;
				GCC_C_LANGUAGE_STANDARD = gnu99;
				GCC_WARN_64_TO_32_BIT_CONVERSION = YES;
				GCC_WARN_ABOUT_RETURN_TYPE = YES_ERROR;
				GCC_WARN_UNDECLARED_SELECTOR = YES;
				GCC_WARN_UNINITIALIZED_AUTOS = YES_AGGRESSIVE;
				GCC_WARN_UNUSED_FUNCTION = YES;
				GCC_WARN_UNUSED_VARIABLE = YES;
				MACOSX_DEPLOYMENT_TARGET = 10.10;
				MTL_ENABLE_DEBUG_INFO = NO;
				SDKROOT = macosx;
			};
			name = Release;
		};
		66820EDD1B1AFCB8004A629F /* Debug */ = {
			isa = XCBuildConfiguration;
			buildSettings = {
				FRAMEWORK_SEARCH_PATHS = (
					"$(inherited)",
					"$(LOCAL_LIBRARY_DIR)/Frameworks",
				);
				PRODUCT_NAME = "$(TARGET_NAME)";
			};
			name = Debug;
		};
		66820EDE1B1AFCB8004A629F /* Release */ = {
			isa = XCBuildConfiguration;
			buildSettings = {
				FRAMEWORK_SEARCH_PATHS = (
					"$(inherited)",
					"$(LOCAL_LIBRARY_DIR)/Frameworks",
				);
				PRODUCT_NAME = "$(TARGET_NAME)";
			};
			name = Release;
		};
/* End XCBuildConfiguration section */

/* Begin XCConfigurationList section */
		66820ED01B1AFCB8004A629F /* Build configuration list for PBXProject "qfrep" */ = {
			isa = XCConfigurationList;
			buildConfigurations = (
				66820EDA1B1AFCB8004A629F /* Debug */,
				66820EDB1B1AFCB8004A629F /* Release */,
			);
			defaultConfigurationIsVisible = 0;
			defaultConfigurationName = Release;
		};
		66820EDC1B1AFCB8004A629F /* Build configuration list for PBXNativeTarget "qfrep" */ = {
			isa = XCConfigurationList;
			buildConfigurations = (
				66820EDD1B1AFCB8004A629F /* Debug */,
				66820EDE1B1AFCB8004A629F /* Release */,
			);
			defaultConfigurationIsVisible = 0;
			defaultConfigurationName = Release;
		};
/* End XCConfigurationList section */
	};
	rootObject = 66820ECD1B1AFCB8004A629F /* Project object */;
}
